
Microsoft Visual Studio Solution File, Format Version 12.00
# Visual Studio Version 17
VisualStudioVersion = 17.11.35327.3
MinimumVisualStudioVersion = 10.0.40219.1
Project("{9A19103F-16F7-4668-BE54-9A1E7A4F7556}") = "CSharpLearning.Web", "CSharpLearning.Web\CSharpLearning.Web.csproj", "{9A4B297A-65E4-4DF9-9AB3-FFE12822ED93}"
EndProject
Project("{9A19103F-16F7-4668-BE54-9A1E7A4F7556}") = "CSharpLearning.Entities", "CSharpLearning.Entities\CSharpLearning.Entities.csproj", "{AC6D6E13-573D-4FF4-BA4C-F677B4F76817}"
EndProject
Project("{9A19103F-16F7-4668-BE54-9A1E7A4F7556}") = "CSharpLearning.Repositories", "CSharpLearning.Repositories\CSharpLearning.Repositories.csproj", "{1A342388-C427-4D9E-AD4E-904EEAEC24A8}"
EndProject
Project("{9A19103F-16F7-4668-BE54-9A1E7A4F7556}") = "CSharpLearning.UI", "CSharpLearning.UI\CSharpLearning.UI.csproj", "{3E798901-4963-4D9D-BF66-2F1896268274}"
EndProject
Project("{9A19103F-16F7-4668-BE54-9A1E7A4F7556}") = "ConcertBooking.Entities", "ConcertBooking.Entities\ConcertBooking.Entities.csproj", "{B4D00194-2E8A-4C54-9F85-53F7930EAC84}"
EndProject
Project("{9A19103F-16F7-4668-BE54-9A1E7A4F7556}") = "ConcertBooking.Repositories", "ConcertBooking.Repositories\ConcertBooking.Repositories.csproj", "{0EAC7E6C-A162-4EFC-9B5B-F91D591CBA31}"
EndProject
Project("{9A19103F-16F7-4668-BE54-9A1E7A4F7556}") = "ConcertBooking.WebHost", "ConcertBooking.WebHost\ConcertBooking.WebHost.csproj", "{D49F7260-3322-4210-BE28-12F6DEFFC4EB}"
EndProject
Project("{FAE04EC0-301F-11D3-BF4B-00C04F79EFBC}") = "ConcertBooking.Infrastructure", "ConcertBooking.Infrastructure\ConcertBooking.Infrastructure.csproj", "{B43735BA-BD84-45E0-8940-7A5CD643352F}"
EndProject
Project("{FAE04EC0-301F-11D3-BF4B-00C04F79EFBC}") = "CleanStudentManagement.Data", "CleanStudentManagement.Data\CleanStudentManagement.Data.csproj", "{BA8DB347-AFDE-4DF2-8A23-7E29DA13A76C}"
EndProject
Project("{FAE04EC0-301F-11D3-BF4B-00C04F79EFBC}") = "CleanStudentManagement.DLL", "CleanStudentManagement.DLL\CleanStudentManagement.DLL.csproj", "{517A3B85-1A83-424D-BFED-1FBC300CA6C7}"
EndProject
Project("{FAE04EC0-301F-11D3-BF4B-00C04F79EFBC}") = "CleanStudentManagement.UI", "CleanStudentManagement.UI\CleanStudentManagement.UI.csproj", "{50A77536-BC6B-4A0C-8E27-C5AB4E2E3E85}"
EndProject
Project("{FAE04EC0-301F-11D3-BF4B-00C04F79EFBC}") = "CleanStudentManagement.Models", "CleanStudentManagement.Models\CleanStudentManagement.Models.csproj", "{71EF34AC-A91E-482A-BAAD-6151AF4ACE36}"
EndProject
Global
	GlobalSection(SolutionConfigurationPlatforms) = preSolution
		Debug|Any CPU = Debug|Any CPU
		Release|Any CPU = Release|Any CPU
	EndGlobalSection
	GlobalSection(ProjectConfigurationPlatforms) = postSolution
		{9A4B297A-65E4-4DF9-9AB3-FFE12822ED93}.Debug|Any CPU.ActiveCfg = Debug|Any CPU
		{9A4B297A-65E4-4DF9-9AB3-FFE12822ED93}.Debug|Any CPU.Build.0 = Debug|Any CPU
		{9A4B297A-65E4-4DF9-9AB3-FFE12822ED93}.Release|Any CPU.ActiveCfg = Release|Any CPU
		{9A4B297A-65E4-4DF9-9AB3-FFE12822ED93}.Release|Any CPU.Build.0 = Release|Any CPU
		{AC6D6E13-573D-4FF4-BA4C-F677B4F76817}.Debug|Any CPU.ActiveCfg = Debug|Any CPU
		{AC6D6E13-573D-4FF4-BA4C-F677B4F76817}.Debug|Any CPU.Build.0 = Debug|Any CPU
		{AC6D6E13-573D-4FF4-BA4C-F677B4F76817}.Release|Any CPU.ActiveCfg = Release|Any CPU
		{AC6D6E13-573D-4FF4-BA4C-F677B4F76817}.Release|Any CPU.Build.0 = Release|Any CPU
		{1A342388-C427-4D9E-AD4E-904EEAEC24A8}.Debug|Any CPU.ActiveCfg = Debug|Any CPU
		{1A342388-C427-4D9E-AD4E-904EEAEC24A8}.Debug|Any CPU.Build.0 = Debug|Any CPU
		{1A342388-C427-4D9E-AD4E-904EEAEC24A8}.Release|Any CPU.ActiveCfg = Release|Any CPU
		{1A342388-C427-4D9E-AD4E-904EEAEC24A8}.Release|Any CPU.Build.0 = Release|Any CPU
		{3E798901-4963-4D9D-BF66-2F1896268274}.Debug|Any CPU.ActiveCfg = Debug|Any CPU
		{3E798901-4963-4D9D-BF66-2F1896268274}.Debug|Any CPU.Build.0 = Debug|Any CPU
		{3E798901-4963-4D9D-BF66-2F1896268274}.Release|Any CPU.ActiveCfg = Release|Any CPU
		{3E798901-4963-4D9D-BF66-2F1896268274}.Release|Any CPU.Build.0 = Release|Any CPU
		{B4D00194-2E8A-4C54-9F85-53F7930EAC84}.Debug|Any CPU.ActiveCfg = Debug|Any CPU
		{B4D00194-2E8A-4C54-9F85-53F7930EAC84}.Debug|Any CPU.Build.0 = Debug|Any CPU
		{B4D00194-2E8A-4C54-9F85-53F7930EAC84}.Release|Any CPU.ActiveCfg = Release|Any CPU
		{B4D00194-2E8A-4C54-9F85-53F7930EAC84}.Release|Any CPU.Build.0 = Release|Any CPU
		{0EAC7E6C-A162-4EFC-9B5B-F91D591CBA31}.Debug|Any CPU.ActiveCfg = Debug|Any CPU
		{0EAC7E6C-A162-4EFC-9B5B-F91D591CBA31}.Debug|Any CPU.Build.0 = Debug|Any CPU
		{0EAC7E6C-A162-4EFC-9B5B-F91D591CBA31}.Release|Any CPU.ActiveCfg = Release|Any CPU
		{0EAC7E6C-A162-4EFC-9B5B-F91D591CBA31}.Release|Any CPU.Build.0 = Release|Any CPU
		{D49F7260-3322-4210-BE28-12F6DEFFC4EB}.Debug|Any CPU.ActiveCfg = Debug|Any CPU
		{D49F7260-3322-4210-BE28-12F6DEFFC4EB}.Debug|Any CPU.Build.0 = Debug|Any CPU
		{D49F7260-3322-4210-BE28-12F6DEFFC4EB}.Release|Any CPU.ActiveCfg = Release|Any CPU
		{D49F7260-3322-4210-BE28-12F6DEFFC4EB}.Release|Any CPU.Build.0 = Release|Any CPU
		{B43735BA-BD84-45E0-8940-7A5CD643352F}.Debug|Any CPU.ActiveCfg = Debug|Any CPU
		{B43735BA-BD84-45E0-8940-7A5CD643352F}.Debug|Any CPU.Build.0 = Debug|Any CPU
		{B43735BA-BD84-45E0-8940-7A5CD643352F}.Release|Any CPU.ActiveCfg = Release|Any CPU
		{B43735BA-BD84-45E0-8940-7A5CD643352F}.Release|Any CPU.Build.0 = Release|Any CPU
		{BA8DB347-AFDE-4DF2-8A23-7E29DA13A76C}.Debug|Any CPU.ActiveCfg = Debug|Any CPU
		{BA8DB347-AFDE-4DF2-8A23-7E29DA13A76C}.Debug|Any CPU.Build.0 = Debug|Any CPU
		{BA8DB347-AFDE-4DF2-8A23-7E29DA13A76C}.Release|Any CPU.ActiveCfg = Release|Any CPU
		{BA8DB347-AFDE-4DF2-8A23-7E29DA13A76C}.Release|Any CPU.Build.0 = Release|Any CPU
		{517A3B85-1A83-424D-BFED-1FBC300CA6C7}.Debug|Any CPU.ActiveCfg = Debug|Any CPU
		{517A3B85-1A83-424D-BFED-1FBC300CA6C7}.Debug|Any CPU.Build.0 = Debug|Any CPU
		{517A3B85-1A83-424D-BFED-1FBC300CA6C7}.Release|Any CPU.ActiveCfg = Release|Any CPU
		{517A3B85-1A83-424D-BFED-1FBC300CA6C7}.Release|Any CPU.Build.0 = Release|Any CPU
		{50A77536-BC6B-4A0C-8E27-C5AB4E2E3E85}.Debug|Any CPU.ActiveCfg = Debug|Any CPU
		{50A77536-BC6B-4A0C-8E27-C5AB4E2E3E85}.Debug|Any CPU.Build.0 = Debug|Any CPU
		{50A77536-BC6B-4A0C-8E27-C5AB4E2E3E85}.Release|Any CPU.ActiveCfg = Release|Any CPU
		{50A77536-BC6B-4A0C-8E27-C5AB4E2E3E85}.Release|Any CPU.Build.0 = Release|Any CPU
		{71EF34AC-A91E-482A-BAAD-6151AF4ACE36}.Debug|Any CPU.ActiveCfg = Debug|Any CPU
		{71EF34AC-A91E-482A-BAAD-6151AF4ACE36}.Debug|Any CPU.Build.0 = Debug|Any CPU
		{71EF34AC-A91E-482A-BAAD-6151AF4ACE36}.Release|Any CPU.ActiveCfg = Release|Any CPU
		{71EF34AC-A91E-482A-BAAD-6151AF4ACE36}.Release|Any CPU.Build.0 = Release|Any CPU
	EndGlobalSection
	GlobalSection(SolutionProperties) = preSolution
		HideSolutionNode = FALSE
	EndGlobalSection
	GlobalSection(ExtensibilityGlobals) = postSolution
		SolutionGuid = {9ADCC204-C9F3-4944-8BDB-D7E9F1EF362D}
	EndGlobalSection
EndGlobal
